// !$*UTF8*$!
{
	archiveVersion = 1;
	classes = {
	};
	objectVersion = 46;
	objects = {

/* Begin PBXBuildFile section */
		7267501E1A7FA607009E6500 /* main.m in Sources */ = {isa = PBXBuildFile; fileRef = 7267501D1A7FA607009E6500 /* main.m */; };
		726750211A7FA607009E6500 /* AppDelegate.m in Sources */ = {isa = PBXBuildFile; fileRef = 726750201A7FA607009E6500 /* AppDelegate.m */; };
		726750241A7FA607009E6500 /* CodeReviewTest.xcdatamodeld in Sources */ = {isa = PBXBuildFile; fileRef = 726750221A7FA607009E6500 /* CodeReviewTest.xcdatamodeld */; };
		726750271A7FA607009E6500 /* ViewController.m in Sources */ = {isa = PBXBuildFile; fileRef = 726750261A7FA607009E6500 /* ViewController.m */; };
		7267502A1A7FA607009E6500 /* Main.storyboard in Resources */ = {isa = PBXBuildFile; fileRef = 726750281A7FA607009E6500 /* Main.storyboard */; };
		7267502C1A7FA607009E6500 /* Images.xcassets in Resources */ = {isa = PBXBuildFile; fileRef = 7267502B1A7FA607009E6500 /* Images.xcassets */; };
		7267502F1A7FA607009E6500 /* LaunchScreen.xib in Resources */ = {isa = PBXBuildFile; fileRef = 7267502D1A7FA607009E6500 /* LaunchScreen.xib */; };
		7267503B1A7FA607009E6500 /* CodeReviewTestTests.m in Sources */ = {isa = PBXBuildFile; fileRef = 7267503A1A7FA607009E6500 /* CodeReviewTestTests.m */; };
/* End PBXBuildFile section */

/* Begin PBXContainerItemProxy section */
		726750351A7FA607009E6500 /* PBXContainerItemProxy */ = {
			isa = PBXContainerItemProxy;
			containerPortal = 726750101A7FA607009E6500 /* Project object */;
			proxyType = 1;
			remoteGlobalIDString = 726750171A7FA607009E6500;
			remoteInfo = CodeReviewTest;
		};
/* End PBXContainerItemProxy section */

/* Begin PBXFileReference section */
		726750181A7FA607009E6500 /* CodeReviewTest.app */ = {isa = PBXFileReference; explicitFileType = wrapper.application; includeInIndex = 0; path = CodeReviewTest.app; sourceTree = BUILT_PRODUCTS_DIR; };
		7267501C1A7FA607009E6500 /* Info.plist */ = {isa = PBXFileReference; lastKnownFileType = text.plist.xml; path = Info.plist; sourceTree = "<group>"; };
		7267501D1A7FA607009E6500 /* main.m */ = {isa = PBXFileReference; lastKnownFileType = sourcecode.c.objc; path = main.m; sourceTree = "<group>"; };
		7267501F1A7FA607009E6500 /* AppDelegate.h */ = {isa = PBXFileReference; lastKnownFileType = sourcecode.c.h; path = AppDelegate.h; sourceTree = "<group>"; };
		726750201A7FA607009E6500 /* AppDelegate.m */ = {isa = PBXFileReference; lastKnownFileType = sourcecode.c.objc; path = AppDelegate.m; sourceTree = "<group>"; };
		726750231A7FA607009E6500 /* CodeReviewTest.xcdatamodel */ = {isa = PBXFileReference; lastKnownFileType = wrapper.xcdatamodel; path = CodeReviewTest.xcdatamodel; sourceTree = "<group>"; };
		726750251A7FA607009E6500 /* ViewController.h */ = {isa = PBXFileReference; lastKnownFileType = sourcecode.c.h; path = ViewController.h; sourceTree = "<group>"; };
		726750261A7FA607009E6500 /* ViewController.m */ = {isa = PBXFileReference; lastKnownFileType = sourcecode.c.objc; path = ViewController.m; sourceTree = "<group>"; };
		726750291A7FA607009E6500 /* Base */ = {isa = PBXFileReference; lastKnownFileType = file.storyboard; name = Base; path = Base.lproj/Main.storyboard; sourceTree = "<group>"; };
		7267502B1A7FA607009E6500 /* Images.xcassets */ = {isa = PBXFileReference; lastKnownFileType = folder.assetcatalog; path = Images.xcassets; sourceTree = "<group>"; };
		7267502E1A7FA607009E6500 /* Base */ = {isa = PBXFileReference; lastKnownFileType = file.xib; name = Base; path = Base.lproj/LaunchScreen.xib; sourceTree = "<group>"; };
		726750341A7FA607009E6500 /* CodeReviewTestTests.xctest */ = {isa = PBXFileReference; explicitFileType = wrapper.cfbundle; includeInIndex = 0; path = CodeReviewTestTests.xctest; sourceTree = BUILT_PRODUCTS_DIR; };
		726750391A7FA607009E6500 /* Info.plist */ = {isa = PBXFileReference; lastKnownFileType = text.plist.xml; path = Info.plist; sourceTree = "<group>"; };
		7267503A1A7FA607009E6500 /* CodeReviewTestTests.m */ = {isa = PBXFileReference; lastKnownFileType = sourcecode.c.objc; path = CodeReviewTestTests.m; sourceTree = "<group>"; };
/* End PBXFileReference section */

/* Begin PBXFrameworksBuildPhase section */
		726750151A7FA607009E6500 /* Frameworks */ = {
			isa = PBXFrameworksBuildPhase;
			buildActionMask = 2147483647;
			files = (
			);
			runOnlyForDeploymentPostprocessing = 0;
		};
		726750311A7FA607009E6500 /* Frameworks */ = {
			isa = PBXFrameworksBuildPhase;
			buildActionMask = 2147483647;
			files = (
			);
			runOnlyForDeploymentPostprocessing = 0;
		};
/* End PBXFrameworksBuildPhase section */

/* Begin PBXGroup section */
		7267500F1A7FA607009E6500 = {
			isa = PBXGroup;
			children = (
				7267501A1A7FA607009E6500 /* CodeReviewTest */,
				726750371A7FA607009E6500 /* CodeReviewTestTests */,
				726750191A7FA607009E6500 /* Products */,
			);
			sourceTree = "<group>";
		};
		726750191A7FA607009E6500 /* Products */ = {
			isa = PBXGroup;
			children = (
				726750181A7FA607009E6500 /* CodeReviewTest.app */,
				726750341A7FA607009E6500 /* CodeReviewTestTests.xctest */,
			);
			name = Products;
			sourceTree = "<group>";
		};
		7267501A1A7FA607009E6500 /* CodeReviewTest */ = {
			isa = PBXGroup;
			children = (
				7267501F1A7FA607009E6500 /* AppDelegate.h */,
				726750201A7FA607009E6500 /* AppDelegate.m */,
				726750251A7FA607009E6500 /* ViewController.h */,
				726750261A7FA607009E6500 /* ViewController.m */,
				726750281A7FA607009E6500 /* Main.storyboard */,
				7267502B1A7FA607009E6500 /* Images.xcassets */,
				7267502D1A7FA607009E6500 /* LaunchScreen.xib */,
				726750221A7FA607009E6500 /* CodeReviewTest.xcdatamodeld */,
				7267501B1A7FA607009E6500 /* Supporting Files */,
			);
			path = CodeReviewTest;
			sourceTree = "<group>";
		};
		7267501B1A7FA607009E6500 /* Supporting Files */ = {
			isa = PBXGroup;
			children = (
				7267501C1A7FA607009E6500 /* Info.plist */,
				7267501D1A7FA607009E6500 /* main.m */,
			);
			name = "Supporting Files";
			sourceTree = "<group>";
		};
		726750371A7FA607009E6500 /* CodeReviewTestTests */ = {
			isa = PBXGroup;
			children = (
				7267503A1A7FA607009E6500 /* CodeReviewTestTests.m */,
				726750381A7FA607009E6500 /* Supporting Files */,
			);
			path = CodeReviewTestTests;
			sourceTree = "<group>";
		};
		726750381A7FA607009E6500 /* Supporting Files */ = {
			isa = PBXGroup;
			children = (
				726750391A7FA607009E6500 /* Info.plist */,
			);
			name = "Supporting Files";
			sourceTree = "<group>";
		};
/* End PBXGroup section */

/* Begin PBXNativeTarget section */
		726750171A7FA607009E6500 /* CodeReviewTest */ = {
			isa = PBXNativeTarget;
			buildConfigurationList = 7267503E1A7FA607009E6500 /* Build configuration list for PBXNativeTarget "CodeReviewTest" */;
			buildPhases = (
				726750141A7FA607009E6500 /* Sources */,
				726750151A7FA607009E6500 /* Frameworks */,
				726750161A7FA607009E6500 /* Resources */,
			);
			buildRules = (
			);
			dependencies = (
			);
			name = CodeReviewTest;
			productName = CodeReviewTest;
			productReference = 726750181A7FA607009E6500 /* CodeReviewTest.app */;
			productType = "com.apple.product-type.application";
		};
		726750331A7FA607009E6500 /* CodeReviewTestTests */ = {
			isa = PBXNativeTarget;
			buildConfigurationList = 726750411A7FA607009E6500 /* Build configuration list for PBXNativeTarget "CodeReviewTestTests" */;
			buildPhases = (
				726750301A7FA607009E6500 /* Sources */,
				726750311A7FA607009E6500 /* Frameworks */,
				726750321A7FA607009E6500 /* Resources */,
			);
			buildRules = (
			);
			dependencies = (
				726750361A7FA607009E6500 /* PBXTargetDependency */,
			);
			name = CodeReviewTestTests;
			productName = CodeReviewTestTests;
			productReference = 726750341A7FA607009E6500 /* CodeReviewTestTests.xctest */;
			productType = "com.apple.product-type.bundle.unit-test";
		};
/* End PBXNativeTarget section */

/* Begin PBXProject section */
		726750101A7FA607009E6500 /* Project object */ = {
			isa = PBXProject;
			attributes = {
				LastUpgradeCheck = 0610;
				ORGANIZATIONNAME = "Nikhil Narvekar";
				TargetAttributes = {
					726750171A7FA607009E6500 = {
						CreatedOnToolsVersion = 6.1.1;
					};
					726750331A7FA607009E6500 = {
						CreatedOnToolsVersion = 6.1.1;
						TestTargetID = 726750171A7FA607009E6500;
					};
				};
			};
			buildConfigurationList = 726750131A7FA607009E6500 /* Build configuration list for PBXProject "CodeReviewTest" */;
			compatibilityVersion = "Xcode 3.2";
			developmentRegion = English;
			hasScannedForEncodings = 0;
			knownRegions = (
				en,
				Base,
			);
			mainGroup = 7267500F1A7FA607009E6500;
			productRefGroup = 726750191A7FA607009E6500 /* Products */;
			projectDirPath = "";
			projectRoot = "";
			targets = (
				726750171A7FA607009E6500 /* CodeReviewTest */,
				726750331A7FA607009E6500 /* CodeReviewTestTests */,
			);
		};
/* End PBXProject section */

/* Begin PBXResourcesBuildPhase section */
		726750161A7FA607009E6500 /* Resources */ = {
			isa = PBXResourcesBuildPhase;
			buildActionMask = 2147483647;
			files = (
				7267502A1A7FA607009E6500 /* Main.storyboard in Resources */,
				7267502F1A7FA607009E6500 /* LaunchScreen.xib in Resources */,
				7267502C1A7FA607009E6500 /* Images.xcassets in Resources */,
			);
			runOnlyForDeploymentPostprocessing = 0;
		};
		726750321A7FA607009E6500 /* Resources */ = {
			isa = PBXResourcesBuildPhase;
			buildActionMask = 2147483647;
			files = (
			);
			runOnlyForDeploymentPostprocessing = 0;
		};
/* End PBXResourcesBuildPhase section */

/* Begin PBXSourcesBuildPhase section */
		726750141A7FA607009E6500 /* Sources */ = {
			isa = PBXSourcesBuildPhase;
			buildActionMask = 2147483647;
			files = (
				726750211A7FA607009E6500 /* AppDelegate.m in Sources */,
				7267501E1A7FA607009E6500 /* main.m in Sources */,
				726750271A7FA607009E6500 /* ViewController.m in Sources */,
				726750241A7FA607009E6500 /* CodeReviewTest.xcdatamodeld in Sources */,
			);
			runOnlyForDeploymentPostprocessing = 0;
		};
		726750301A7FA607009E6500 /* Sources */ = {
			isa = PBXSourcesBuildPhase;
			buildActionMask = 2147483647;
			files = (
				7267503B1A7FA607009E6500 /* CodeReviewTestTests.m in Sources */,
			);
			runOnlyForDeploymentPostprocessing = 0;
		};
/* End PBXSourcesBuildPhase section */

/* Begin PBXTargetDependency section */
		726750361A7FA607009E6500 /* PBXTargetDependency */ = {
			isa = PBXTargetDependency;
			target = 726750171A7FA607009E6500 /* CodeReviewTest */;
			targetProxy = 726750351A7FA607009E6500 /* PBXContainerItemProxy */;
		};
/* End PBXTargetDependency section */

/* Begin PBXVariantGroup section */
		726750281A7FA607009E6500 /* Main.storyboard */ = {
			isa = PBXVariantGroup;
			children = (
				726750291A7FA607009E6500 /* Base */,
			);
			name = Main.storyboard;
			sourceTree = "<group>";
		};
		7267502D1A7FA607009E6500 /* LaunchScreen.xib */ = {
			isa = PBXVariantGroup;
			children = (
				7267502E1A7FA607009E6500 /* Base */,
			);
			name = LaunchScreen.xib;
			sourceTree = "<group>";
		};
/* End PBXVariantGroup section */

/* Begin XCBuildConfiguration section */
		7267503C1A7FA607009E6500 /* Debug */ = {
			isa = XCBuildConfiguration;
			buildSettings = {
				ALWAYS_SEARCH_USER_PATHS = NO;
				CLANG_CXX_LANGUAGE_STANDARD = "gnu++0x";
				CLANG_CXX_LIBRARY = "libc++";
				CLANG_ENABLE_MODULES = YES;
				CLANG_ENABLE_OBJC_ARC = YES;
				CLANG_WARN_BOOL_CONVERSION = YES;
				CLANG_WARN_CONSTANT_CONVERSION = YES;
				CLANG_WARN_DIRECT_OBJC_ISA_USAGE = YES_ERROR;
				CLANG_WARN_EMPTY_BODY = YES;
				CLANG_WARN_ENUM_CONVERSION = YES;
				CLANG_WARN_INT_CONVERSION = YES;
				CLANG_WARN_OBJC_ROOT_CLASS = YES_ERROR;
				CLANG_WARN_UNREACHABLE_CODE = YES;
				CLANG_WARN__DUPLICATE_METHOD_MATCH = YES;
				"CODE_SIGN_IDENTITY[sdk=iphoneos*]" = "iPhone Developer";
				COPY_PHASE_STRIP = NO;
				ENABLE_STRICT_OBJC_MSGSEND = YES;
				GCC_C_LANGUAGE_STANDARD = gnu99;
				GCC_DYNAMIC_NO_PIC = NO;
				GCC_OPTIMIZATION_LEVEL = 0;
				GCC_PREPROCESSOR_DEFINITIONS = (
					"DEBUG=1",
					"$(inherited)",
				);
				GCC_SYMBOLS_PRIVATE_EXTERN = NO;
				GCC_WARN_64_TO_32_BIT_CONVERSION = YES;
				GCC_WARN_ABOUT_RETURN_TYPE = YES_ERROR;
				GCC_WARN_UNDECLARED_SELECTOR = YES;
				GCC_WARN_UNINITIALIZED_AUTOS = YES_AGGRESSIVE;
				GCC_WARN_UNUSED_FUNCTION = YES;
				GCC_WARN_UNUSED_VARIABLE = YES;
				IPHONEOS_DEPLOYMENT_TARGET = 8.1;
				MTL_ENABLE_DEBUG_INFO = YES;
				ONLY_ACTIVE_ARCH = YES;
				SDKROOT = iphoneos;
				TARGETED_DEVICE_FAMILY = "1,2";
			};
			name = Debug;
		};
		7267503D1A7FA607009E6500 /* Release */ = {
			isa = XCBuildConfiguration;
			buildSettings = {
				ALWAYS_SEARCH_USER_PATHS = NO;
				CLANG_CXX_LANGUAGE_STANDARD = "gnu++0x";
				CLANG_CXX_LIBRARY = "libc++";
				CLANG_ENABLE_MODULES = YES;
				CLANG_ENABLE_OBJC_ARC = YES;
				CLANG_WARN_BOOL_CONVERSION = YES;
				CLANG_WARN_CONSTANT_CONVERSION = YES;
				CLANG_WARN_DIRECT_OBJC_ISA_USAGE = YES_ERROR;
				CLANG_WARN_EMPTY_BODY = YES;
				CLANG_WARN_ENUM_CONVERSION = YES;
				CLANG_WARN_INT_CONVERSION = YES;
				CLANG_WARN_OBJC_ROOT_CLASS = YES_ERROR;
				CLANG_WARN_UNREACHABLE_CODE = YES;
				CLANG_WARN__DUPLICATE_METHOD_MATCH = YES;
				"CODE_SIGN_IDENTITY[sdk=iphoneos*]" = "iPhone Developer";
				COPY_PHASE_STRIP = YES;
				ENABLE_NS_ASSERTIONS = NO;
				ENABLE_STRICT_OBJC_MSGSEND = YES;
				GCC_C_LANGUAGE_STANDARD = gnu99;
				GCC_WARN_64_TO_32_BIT_CONVERSION = YES;
				GCC_WARN_ABOUT_RETURN_TYPE = YES_ERROR;
				GCC_WARN_UNDECLARED_SELECTOR = YES;
				GCC_WARN_UNINITIALIZED_AUTOS = YES_AGGRESSIVE;
				GCC_WARN_UNUSED_FUNCTION = YES;
				GCC_WARN_UNUSED_VARIABLE = YES;
				IPHONEOS_DEPLOYMENT_TARGET = 8.1;
				MTL_ENABLE_DEBUG_INFO = NO;
				SDKROOT = iphoneos;
				TARGETED_DEVICE_FAMILY = "1,2";
				VALIDATE_PRODUCT = YES;
			};
			name = Release;
		};
		7267503F1A7FA607009E6500 /* Debug */ = {
			isa = XCBuildConfiguration;
			buildSettings = {
				ASSETCATALOG_COMPILER_APPICON_NAME = AppIcon;
				INFOPLIST_FILE = CodeReviewTest/Info.plist;
				LD_RUNPATH_SEARCH_PATHS = "$(inherited) @executable_path/Frameworks";
				PRODUCT_NAME = "$(TARGET_NAME)";
			};
			name = Debug;
		};
		726750401A7FA607009E6500 /* Release */ = {
			isa = XCBuildConfiguration;
			buildSettings = {
				ASSETCATALOG_COMPILER_APPICON_NAME = AppIcon;
				INFOPLIST_FILE = CodeReviewTest/Info.plist;
				LD_RUNPATH_SEARCH_PATHS = "$(inherited) @executable_path/Frameworks";
				PRODUCT_NAME = "$(TARGET_NAME)";
			};
			name = Release;
		};
		726750421A7FA607009E6500 /* Debug */ = {
			isa = XCBuildConfiguration;
			buildSettings = {
				BUNDLE_LOADER = "$(TEST_HOST)";
				FRAMEWORK_SEARCH_PATHS = (
					"$(SDKROOT)/Developer/Library/Frameworks",
					"$(inherited)",
				);
				GCC_PREPROCESSOR_DEFINITIONS = (
					"DEBUG=1",
					"$(inherited)",
				);
				INFOPLIST_FILE = CodeReviewTestTests/Info.plist;
				LD_RUNPATH_SEARCH_PATHS = "$(inherited) @executable_path/Frameworks @loader_path/Frameworks";
				PRODUCT_NAME = "$(TARGET_NAME)";
				TEST_HOST = "$(BUILT_PRODUCTS_DIR)/CodeReviewTest.app/CodeReviewTest";
			};
			name = Debug;
		};
		726750431A7FA607009E6500 /* Release */ = {
			isa = XCBuildConfiguration;
			buildSettings = {
				BUNDLE_LOADER = "$(TEST_HOST)";
				FRAMEWORK_SEARCH_PATHS = (
					"$(SDKROOT)/Developer/Library/Frameworks",
					"$(inherited)",
				);
				INFOPLIST_FILE = CodeReviewTestTests/Info.plist;
				LD_RUNPATH_SEARCH_PATHS = "$(inherited) @executable_path/Frameworks @loader_path/Frameworks";
				PRODUCT_NAME = "$(TARGET_NAME)";
				TEST_HOST = "$(BUILT_PRODUCTS_DIR)/CodeReviewTest.app/CodeReviewTest";
			};
			name = Release;
		};
/* End XCBuildConfiguration section */

/* Begin XCConfigurationList section */
		726750131A7FA607009E6500 /* Build configuration list for PBXProject "CodeReviewTest" */ = {
			isa = XCConfigurationList;
			buildConfigurations = (
				7267503C1A7FA607009E6500 /* Debug */,
				7267503D1A7FA607009E6500 /* Release */,
			);
			defaultConfigurationIsVisible = 0;
			defaultConfigurationName = Release;
		};
		7267503E1A7FA607009E6500 /* Build configuration list for PBXNativeTarget "CodeReviewTest" */ = {
			isa = XCConfigurationList;
			buildConfigurations = (
				7267503F1A7FA607009E6500 /* Debug */,
				726750401A7FA607009E6500 /* Release */,
			);
			defaultConfigurationIsVisible = 0;
		};
		726750411A7FA607009E6500 /* Build configuration list for PBXNativeTarget "CodeReviewTestTests" */ = {
			isa = XCConfigurationList;
			buildConfigurations = (
				726750421A7FA607009E6500 /* Debug */,
				726750431A7FA607009E6500 /* Release */,
			);
			defaultConfigurationIsVisible = 0;
		};
/* End XCConfigurationList section */

/* Begin XCVersionGroup section */
		726750221A7FA607009E6500 /* CodeReviewTest.xcdatamodeld */ = {
			isa = XCVersionGroup;
			children = (
				726750231A7FA607009E6500 /* CodeReviewTest.xcdatamodel */,
			);
			currentVersion = 726750231A7FA607009E6500 /* CodeReviewTest.xcdatamodel */;
			path = CodeReviewTest.xcdatamodeld;
			sourceTree = "<group>";
			versionGroupType = wrapper.xcdatamodel;
		};
/* End XCVersionGroup section */
	};
	rootObject = 726750101A7FA607009E6500 /* Project object */;
}
